{
  "name": "ssmath",
  "version": "1.0.1",
  "lockfileVersion": 2,
  "requires": true,
  "packages": {
    "": {
      "name": "ssmath",
      "version": "1.0.1",
      "license": "ISC",
      "dependencies": {
        "ssmath": "^1.0.0"
      }
    },
    "node_modules/ssmath": {
      "version": "1.0.1",
      "resolved": "https://registry.npmjs.org/ssmath/-/ssmath-1.0.1.tgz",
      "integrity": "sha512-2wdD913BPtpIdiQ2RFYP/YRkw+SYNQcYVApA8TYFJYyoJ/o/HN61PgIXl3Qti9PVHHEtbDHp/gvTQolVI16tdA==",
      "dependencies": {
        "ssmath": "^1.0.0"
      }
    }
  },
  "dependencies": {
    "ssmath": {
      "version": "1.0.1",
      "resolved": "https://registry.npmjs.org/ssmath/-/ssmath-1.0.1.tgz",
      "integrity": "sha512-2wdD913BPtpIdiQ2RFYP/YRkw+SYNQcYVApA8TYFJYyoJ/o/HN61PgIXl3Qti9PVHHEtbDHp/gvTQolVI16tdA==",
      "requires": {
        "ssmath": "^1.0.0"
      }
    }
  }
}
